
Microsoft Visual Studio Solution File, Format Version 12.00
# Visual Studio 15
VisualStudioVersion = 15.0.27428.2037
MinimumVisualStudioVersion = 10.0.40219.1
Project("{9092AA53-FB77-4645-B42D-1CCCA6BD08BD}") = "examination-backend", "examination-backend\examination-backend.njsproj", "{DE72AF60-455B-4C3E-8B16-9209A4748C0E}"
EndProject
Global
	GlobalSection(SolutionConfigurationPlatforms) = preSolution
		Debug|Any CPU = Debug|Any CPU
		Release|Any CPU = Release|Any CPU
	EndGlobalSection
	GlobalSection(ProjectConfigurationPlatforms) = postSolution
		{DE72AF60-455B-4C3E-8B16-9209A4748C0E}.Debug|Any CPU.ActiveCfg = Debug|Any CPU
		{DE72AF60-455B-4C3E-8B16-9209A4748C0E}.Debug|Any CPU.Build.0 = Debug|Any CPU
		{DE72AF60-455B-4C3E-8B16-9209A4748C0E}.Release|Any CPU.ActiveCfg = Release|Any CPU
		{DE72AF60-455B-4C3E-8B16-9209A4748C0E}.Release|Any CPU.Build.0 = Release|Any CPU
	EndGlobalSection
	GlobalSection(SolutionProperties) = preSolution
		HideSolutionNode = FALSE
	EndGlobalSection
	GlobalSection(ExtensibilityGlobals) = postSolution
		SolutionGuid = {269D4802-BCC9-4BA7-A1CA-3150D93B928C}
	EndGlobalSection
EndGlobal
